
Microsoft Visual Studio Solution File, Format Version 12.00
# Visual Studio Version 17
VisualStudioVersion = 17.14.36429.23 d17.14
MinimumVisualStudioVersion = 10.0.40219.1
Project("{2150E333-8FDC-42A3-9474-1A3956D46DE8}") = "Task0", "Task0", "{02EA681E-C7D8-13C7-8484-4AC65E1B71E8}"
EndProject
Project("{FAE04EC0-301F-11D3-BF4B-00C04F79EFBC}") = "Tyuiu.ShelomentsevYA.Sprint2.Task0.V8.Lib", "Tyuiu.ShelomentsevYA.Sprint2.Task0.V8.Lib\Tyuiu.ShelomentsevYA.Sprint2.Task0.V8.Lib.csproj", "{13BB69E9-0431-4328-8648-C58EC413D5D7}"
EndProject
Project("{FAE04EC0-301F-11D3-BF4B-00C04F79EFBC}") = "Tyuiu.ShelomentsevYA.Sprint2.Task0.V8", "Tyuiu.ShelomentsevYA.Sprint2.Task0.V8\Tyuiu.ShelomentsevYA.Sprint2.Task0.V8.csproj", "{4371077D-2402-4648-BED7-76778049CCAD}"
EndProject
Project("{FAE04EC0-301F-11D3-BF4B-00C04F79EFBC}") = "Tyuiu.ShelomentsevYA.Sprint2.Task0.V8.Test", "Tyuiu.ShelomentsevYA.Sprint2.Task0.V8.Test\Tyuiu.ShelomentsevYA.Sprint2.Task0.V8.Test.csproj", "{2A863300-03F4-41A6-B4C1-D978639FBD9E}"
EndProject
Project("{2150E333-8FDC-42A3-9474-1A3956D46DE8}") = "Task1", "Task1", "{8284C7BA-30B9-47E2-B0A1-0F101B1846C1}"
EndProject
Project("{FAE04EC0-301F-11D3-BF4B-00C04F79EFBC}") = "Tyuiu.ShelomentsevYA.Sprint2.Task1.V14.Test", "Tyuiu.ShelomentsevYA.Sprint2.Task1.V14.Test\Tyuiu.ShelomentsevYA.Sprint2.Task1.V14.Test.csproj", "{741FE637-D696-42AE-A30E-A01EAAFB6EA2}"
EndProject
Project("{FAE04EC0-301F-11D3-BF4B-00C04F79EFBC}") = "Tyuiu.ShelomentsevYA.Sprint2.Task1.V14", "Tyuiu.ShelomentsevYA.Sprint2.Task1.V14\Tyuiu.ShelomentsevYA.Sprint2.Task1.V14.csproj", "{11F7BD8F-8937-4D42-8081-BCBB58084372}"
EndProject
Project("{FAE04EC0-301F-11D3-BF4B-00C04F79EFBC}") = "Tyuiu.ShelomentsevYA.Sprint2.Task1.V14.Lib", "Tyuiu.ShelomentsevYA.Sprint2.Task1.V14.Lib\Tyuiu.ShelomentsevYA.Sprint2.Task1.V14.Lib.csproj", "{2C21EE71-4E1B-4871-B31A-872EAA3A37B5}"
EndProject
Project("{2150E333-8FDC-42A3-9474-1A3956D46DE8}") = "Task2", "Task2", "{B4CCC338-2273-4E2C-A9D8-211F12306BCC}"
EndProject
Project("{FAE04EC0-301F-11D3-BF4B-00C04F79EFBC}") = "Tyuiu.ShelomentsevYA.Sprint2.Task2.V7.Lib", "Tyuiu.ShelomentsevYA.Sprint2.Task2.V7.Lib\Tyuiu.ShelomentsevYA.Sprint2.Task2.V7.Lib.csproj", "{D87A594D-3C93-4332-9934-9DB88A507127}"
EndProject
Project("{FAE04EC0-301F-11D3-BF4B-00C04F79EFBC}") = "Tyuiu.ShelomentsevYA.Sprint2.Task2.V7", "Tyuiu.ShelomentsevYA.Sprint2.Task2.V7\Tyuiu.ShelomentsevYA.Sprint2.Task2.V7.csproj", "{1DB53865-7EBF-4B2C-95A4-124A1CACECAF}"
EndProject
Project("{FAE04EC0-301F-11D3-BF4B-00C04F79EFBC}") = "Tyuiu.ShelomentsevYA.Sprint2.Task2.V7.Test", "Tyuiu.ShelomentsevYA.Sprint2.Task2.V7.Test\Tyuiu.ShelomentsevYA.Sprint2.Task2.V7.Test.csproj", "{0C8F97E0-4717-4A21-9A6B-B64E337F230A}"
EndProject
Global
	GlobalSection(SolutionConfigurationPlatforms) = preSolution
		Debug|Any CPU = Debug|Any CPU
		Release|Any CPU = Release|Any CPU
	EndGlobalSection
	GlobalSection(ProjectConfigurationPlatforms) = postSolution
		{13BB69E9-0431-4328-8648-C58EC413D5D7}.Debug|Any CPU.ActiveCfg = Debug|Any CPU
		{13BB69E9-0431-4328-8648-C58EC413D5D7}.Debug|Any CPU.Build.0 = Debug|Any CPU
		{13BB69E9-0431-4328-8648-C58EC413D5D7}.Release|Any CPU.ActiveCfg = Release|Any CPU
		{13BB69E9-0431-4328-8648-C58EC413D5D7}.Release|Any CPU.Build.0 = Release|Any CPU
		{4371077D-2402-4648-BED7-76778049CCAD}.Debug|Any CPU.ActiveCfg = Debug|Any CPU
		{4371077D-2402-4648-BED7-76778049CCAD}.Debug|Any CPU.Build.0 = Debug|Any CPU
		{4371077D-2402-4648-BED7-76778049CCAD}.Release|Any CPU.ActiveCfg = Release|Any CPU
		{4371077D-2402-4648-BED7-76778049CCAD}.Release|Any CPU.Build.0 = Release|Any CPU
		{2A863300-03F4-41A6-B4C1-D978639FBD9E}.Debug|Any CPU.ActiveCfg = Debug|Any CPU
		{2A863300-03F4-41A6-B4C1-D978639FBD9E}.Debug|Any CPU.Build.0 = Debug|Any CPU
		{2A863300-03F4-41A6-B4C1-D978639FBD9E}.Release|Any CPU.ActiveCfg = Release|Any CPU
		{2A863300-03F4-41A6-B4C1-D978639FBD9E}.Release|Any CPU.Build.0 = Release|Any CPU
		{741FE637-D696-42AE-A30E-A01EAAFB6EA2}.Debug|Any CPU.ActiveCfg = Debug|Any CPU
		{741FE637-D696-42AE-A30E-A01EAAFB6EA2}.Debug|Any CPU.Build.0 = Debug|Any CPU
		{741FE637-D696-42AE-A30E-A01EAAFB6EA2}.Release|Any CPU.ActiveCfg = Release|Any CPU
		{741FE637-D696-42AE-A30E-A01EAAFB6EA2}.Release|Any CPU.Build.0 = Release|Any CPU
		{11F7BD8F-8937-4D42-8081-BCBB58084372}.Debug|Any CPU.ActiveCfg = Debug|Any CPU
		{11F7BD8F-8937-4D42-8081-BCBB58084372}.Debug|Any CPU.Build.0 = Debug|Any CPU
		{11F7BD8F-8937-4D42-8081-BCBB58084372}.Release|Any CPU.ActiveCfg = Release|Any CPU
		{11F7BD8F-8937-4D42-8081-BCBB58084372}.Release|Any CPU.Build.0 = Release|Any CPU
		{2C21EE71-4E1B-4871-B31A-872EAA3A37B5}.Debug|Any CPU.ActiveCfg = Debug|Any CPU
		{2C21EE71-4E1B-4871-B31A-872EAA3A37B5}.Debug|Any CPU.Build.0 = Debug|Any CPU
		{2C21EE71-4E1B-4871-B31A-872EAA3A37B5}.Release|Any CPU.ActiveCfg = Release|Any CPU
		{2C21EE71-4E1B-4871-B31A-872EAA3A37B5}.Release|Any CPU.Build.0 = Release|Any CPU
		{D87A594D-3C93-4332-9934-9DB88A507127}.Debug|Any CPU.ActiveCfg = Debug|Any CPU
		{D87A594D-3C93-4332-9934-9DB88A507127}.Debug|Any CPU.Build.0 = Debug|Any CPU
		{D87A594D-3C93-4332-9934-9DB88A507127}.Release|Any CPU.ActiveCfg = Release|Any CPU
		{D87A594D-3C93-4332-9934-9DB88A507127}.Release|Any CPU.Build.0 = Release|Any CPU
		{1DB53865-7EBF-4B2C-95A4-124A1CACECAF}.Debug|Any CPU.ActiveCfg = Debug|Any CPU
		{1DB53865-7EBF-4B2C-95A4-124A1CACECAF}.Debug|Any CPU.Build.0 = Debug|Any CPU
		{1DB53865-7EBF-4B2C-95A4-124A1CACECAF}.Release|Any CPU.ActiveCfg = Release|Any CPU
		{1DB53865-7EBF-4B2C-95A4-124A1CACECAF}.Release|Any CPU.Build.0 = Release|Any CPU
		{0C8F97E0-4717-4A21-9A6B-B64E337F230A}.Debug|Any CPU.ActiveCfg = Debug|Any CPU
		{0C8F97E0-4717-4A21-9A6B-B64E337F230A}.Debug|Any CPU.Build.0 = Debug|Any CPU
		{0C8F97E0-4717-4A21-9A6B-B64E337F230A}.Release|Any CPU.ActiveCfg = Release|Any CPU
		{0C8F97E0-4717-4A21-9A6B-B64E337F230A}.Release|Any CPU.Build.0 = Release|Any CPU
	EndGlobalSection
	GlobalSection(SolutionProperties) = preSolution
		HideSolutionNode = FALSE
	EndGlobalSection
	GlobalSection(NestedProjects) = preSolution
		{13BB69E9-0431-4328-8648-C58EC413D5D7} = {02EA681E-C7D8-13C7-8484-4AC65E1B71E8}
		{4371077D-2402-4648-BED7-76778049CCAD} = {02EA681E-C7D8-13C7-8484-4AC65E1B71E8}
		{2A863300-03F4-41A6-B4C1-D978639FBD9E} = {02EA681E-C7D8-13C7-8484-4AC65E1B71E8}
		{741FE637-D696-42AE-A30E-A01EAAFB6EA2} = {8284C7BA-30B9-47E2-B0A1-0F101B1846C1}
		{11F7BD8F-8937-4D42-8081-BCBB58084372} = {8284C7BA-30B9-47E2-B0A1-0F101B1846C1}
		{2C21EE71-4E1B-4871-B31A-872EAA3A37B5} = {8284C7BA-30B9-47E2-B0A1-0F101B1846C1}
		{D87A594D-3C93-4332-9934-9DB88A507127} = {B4CCC338-2273-4E2C-A9D8-211F12306BCC}
		{1DB53865-7EBF-4B2C-95A4-124A1CACECAF} = {B4CCC338-2273-4E2C-A9D8-211F12306BCC}
		{0C8F97E0-4717-4A21-9A6B-B64E337F230A} = {B4CCC338-2273-4E2C-A9D8-211F12306BCC}
	EndGlobalSection
	GlobalSection(ExtensibilityGlobals) = postSolution
		SolutionGuid = {BD1E07C8-6CD1-4731-A881-8DF36397D61D}
	EndGlobalSection
EndGlobal
