
Microsoft Visual Studio Solution File, Format Version 12.00
# Visual Studio Version 17
VisualStudioVersion = 17.14.36429.23 d17.14
MinimumVisualStudioVersion = 10.0.40219.1
Project("{2150E333-8FDC-42A3-9474-1A3956D46DE8}") = "Task0", "Task0", "{02EA681E-C7D8-13C7-8484-4AC65E1B71E8}"
EndProject
Project("{FAE04EC0-301F-11D3-BF4B-00C04F79EFBC}") = "Tyuiu.ShelomentsevYA.Sprint2.Task0.V8.Lib", "Tyuiu.ShelomentsevYA.Sprint2.Task0.V8.Lib\Tyuiu.ShelomentsevYA.Sprint2.Task0.V8.Lib.csproj", "{13BB69E9-0431-4328-8648-C58EC413D5D7}"
EndProject
Project("{FAE04EC0-301F-11D3-BF4B-00C04F79EFBC}") = "Tyuiu.ShelomentsevYA.Sprint2.Task0.V8", "Tyuiu.ShelomentsevYA.Sprint2.Task0.V8\Tyuiu.ShelomentsevYA.Sprint2.Task0.V8.csproj", "{4371077D-2402-4648-BED7-76778049CCAD}"
EndProject
Project("{FAE04EC0-301F-11D3-BF4B-00C04F79EFBC}") = "Tyuiu.ShelomentsevYA.Sprint2.Task0.V8.Test", "Tyuiu.ShelomentsevYA.Sprint2.Task0.V8.Test\Tyuiu.ShelomentsevYA.Sprint2.Task0.V8.Test.csproj", "{2A863300-03F4-41A6-B4C1-D978639FBD9E}"
EndProject
Global
	GlobalSection(SolutionConfigurationPlatforms) = preSolution
		Debug|Any CPU = Debug|Any CPU
		Release|Any CPU = Release|Any CPU
	EndGlobalSection
	GlobalSection(ProjectConfigurationPlatforms) = postSolution
		{13BB69E9-0431-4328-8648-C58EC413D5D7}.Debug|Any CPU.ActiveCfg = Debug|Any CPU
		{13BB69E9-0431-4328-8648-C58EC413D5D7}.Debug|Any CPU.Build.0 = Debug|Any CPU
		{13BB69E9-0431-4328-8648-C58EC413D5D7}.Release|Any CPU.ActiveCfg = Release|Any CPU
		{13BB69E9-0431-4328-8648-C58EC413D5D7}.Release|Any CPU.Build.0 = Release|Any CPU
		{4371077D-2402-4648-BED7-76778049CCAD}.Debug|Any CPU.ActiveCfg = Debug|Any CPU
		{4371077D-2402-4648-BED7-76778049CCAD}.Debug|Any CPU.Build.0 = Debug|Any CPU
		{4371077D-2402-4648-BED7-76778049CCAD}.Release|Any CPU.ActiveCfg = Release|Any CPU
		{4371077D-2402-4648-BED7-76778049CCAD}.Release|Any CPU.Build.0 = Release|Any CPU
		{2A863300-03F4-41A6-B4C1-D978639FBD9E}.Debug|Any CPU.ActiveCfg = Debug|Any CPU
		{2A863300-03F4-41A6-B4C1-D978639FBD9E}.Debug|Any CPU.Build.0 = Debug|Any CPU
		{2A863300-03F4-41A6-B4C1-D978639FBD9E}.Release|Any CPU.ActiveCfg = Release|Any CPU
		{2A863300-03F4-41A6-B4C1-D978639FBD9E}.Release|Any CPU.Build.0 = Release|Any CPU
	EndGlobalSection
	GlobalSection(SolutionProperties) = preSolution
		HideSolutionNode = FALSE
	EndGlobalSection
	GlobalSection(NestedProjects) = preSolution
		{13BB69E9-0431-4328-8648-C58EC413D5D7} = {02EA681E-C7D8-13C7-8484-4AC65E1B71E8}
		{4371077D-2402-4648-BED7-76778049CCAD} = {02EA681E-C7D8-13C7-8484-4AC65E1B71E8}
		{2A863300-03F4-41A6-B4C1-D978639FBD9E} = {02EA681E-C7D8-13C7-8484-4AC65E1B71E8}
	EndGlobalSection
	GlobalSection(ExtensibilityGlobals) = postSolution
		SolutionGuid = {BD1E07C8-6CD1-4731-A881-8DF36397D61D}
	EndGlobalSection
EndGlobal
